# THIS IS AN AUTOGENERATED FILE. DO NOT EDIT THIS FILE DIRECTLY.
# yarn lockfile v1


"@lucasbernardol/prettier-config@^1.0.1":
  version "1.0.1"
  resolved "https://registry.yarnpkg.com/@lucasbernardol/prettier-config/-/prettier-config-1.0.1.tgz#ef1b69c14466b1373fcd4b83f16ce1ced756e501"
  integrity sha512-MZWy+tR+CKgnO6sjHYtGOLSkKNTBpYXwO8iSOlGj8qEbZb3qI6ScPjv9sJ2gLjk+r0eAdqyn6/OIwzY6YKoF2A==

prettier@^2.8.4:
  version "2.8.4"
  resolved "https://registry.yarnpkg.com/prettier/-/prettier-2.8.4.tgz#34dd2595629bfbb79d344ac4a91ff948694463c3"
  integrity sha512-vIS4Rlc2FNh0BySk3Wkd6xmwxB0FpOndW5fisM5H8hsZSxU2VWVB5CWIkIjWvrHjIhxk2g3bfMKM87zNTrZddw==
